// !$*UTF8*$!
{
	archiveVersion = 1;
	classes = {
	};
	objectVersion = 46;
	objects = {

/* Begin PBXBuildFile section */
		C55616471AC07E30004A4805 /* HomeViewController.m in Sources */ = {isa = PBXBuildFile; fileRef = C55616461AC07E30004A4805 /* HomeViewController.m */; };
		C556164B1AC07E5A004A4805 /* MapViewController.m in Sources */ = {isa = PBXBuildFile; fileRef = C556164A1AC07E5A004A4805 /* MapViewController.m */; };
		C55810B51AB9035A0074836F /* main.m in Sources */ = {isa = PBXBuildFile; fileRef = C55810B41AB9035A0074836F /* main.m */; };
		C55810B81AB9035A0074836F /* AppDelegate.m in Sources */ = {isa = PBXBuildFile; fileRef = C55810B71AB9035A0074836F /* AppDelegate.m */; };
		C55810C11AB9035A0074836F /* Main.storyboard in Resources */ = {isa = PBXBuildFile; fileRef = C55810BF1AB9035A0074836F /* Main.storyboard */; };
		C55810D21AB9035A0074836F /* StreetMusicMapTests.m in Sources */ = {isa = PBXBuildFile; fileRef = C55810D11AB9035A0074836F /* StreetMusicMapTests.m */; };
		C55BBCAE1AC365C80069EB1C /* DetailTableViewController.m in Sources */ = {isa = PBXBuildFile; fileRef = C55BBCAD1AC365C80069EB1C /* DetailTableViewController.m */; };
		C55BBCB11AC3668C0069EB1C /* VideoTableViewCell.m in Sources */ = {isa = PBXBuildFile; fileRef = C55BBCB01AC3668C0069EB1C /* VideoTableViewCell.m */; };
		C55BBCB41AC3669A0069EB1C /* CommentsTableViewCell.m in Sources */ = {isa = PBXBuildFile; fileRef = C55BBCB31AC3669A0069EB1C /* CommentsTableViewCell.m */; };
		C55E69191AC08AE000F45B78 /* MapKit.framework in Frameworks */ = {isa = PBXBuildFile; fileRef = C55E69181AC08AE000F45B78 /* MapKit.framework */; };
		C561DD101AE9742E0008A148 /* LoginWebViewViewController.m in Sources */ = {isa = PBXBuildFile; fileRef = C561DD0F1AE9742E0008A148 /* LoginWebViewViewController.m */; };
		C571FD881AC09BC400652942 /* InstagramEngine.m in Sources */ = {isa = PBXBuildFile; fileRef = C571FD761AC09BC400652942 /* InstagramEngine.m */; };
		C571FD891AC09BC400652942 /* InstagramKit.plist in Resources */ = {isa = PBXBuildFile; fileRef = C571FD781AC09BC400652942 /* InstagramKit.plist */; };
		C571FD8A1AC09BC400652942 /* IKUserInPhoto.m in Sources */ = {isa = PBXBuildFile; fileRef = C571FD7B1AC09BC400652942 /* IKUserInPhoto.m */; };
		C571FD8B1AC09BC400652942 /* InstagramComment.m in Sources */ = {isa = PBXBuildFile; fileRef = C571FD7D1AC09BC400652942 /* InstagramComment.m */; };
		C571FD8C1AC09BC400652942 /* InstagramMedia.m in Sources */ = {isa = PBXBuildFile; fileRef = C571FD7F1AC09BC400652942 /* InstagramMedia.m */; };
		C571FD8D1AC09BC400652942 /* InstagramModel.m in Sources */ = {isa = PBXBuildFile; fileRef = C571FD811AC09BC400652942 /* InstagramModel.m */; };
		C571FD8E1AC09BC400652942 /* InstagramPaginationInfo.m in Sources */ = {isa = PBXBuildFile; fileRef = C571FD831AC09BC400652942 /* InstagramPaginationInfo.m */; };
		C571FD8F1AC09BC400652942 /* InstagramTag.m in Sources */ = {isa = PBXBuildFile; fileRef = C571FD851AC09BC400652942 /* InstagramTag.m */; };
		C571FD901AC09BC400652942 /* InstagramUser.m in Sources */ = {isa = PBXBuildFile; fileRef = C571FD871AC09BC400652942 /* InstagramUser.m */; };
		C571FDA71AC09BD400652942 /* AFHTTPRequestOperation.m in Sources */ = {isa = PBXBuildFile; fileRef = C571FD931AC09BD400652942 /* AFHTTPRequestOperation.m */; };
		C571FDA81AC09BD400652942 /* AFHTTPRequestOperationManager.m in Sources */ = {isa = PBXBuildFile; fileRef = C571FD951AC09BD400652942 /* AFHTTPRequestOperationManager.m */; };
		C571FDA91AC09BD400652942 /* AFHTTPSessionManager.m in Sources */ = {isa = PBXBuildFile; fileRef = C571FD971AC09BD400652942 /* AFHTTPSessionManager.m */; };
		C571FDAA1AC09BD400652942 /* AFNetworkReachabilityManager.m in Sources */ = {isa = PBXBuildFile; fileRef = C571FD9A1AC09BD400652942 /* AFNetworkReachabilityManager.m */; };
		C571FDAB1AC09BD400652942 /* AFSecurityPolicy.m in Sources */ = {isa = PBXBuildFile; fileRef = C571FD9C1AC09BD400652942 /* AFSecurityPolicy.m */; };
		C571FDAC1AC09BD400652942 /* AFURLConnectionOperation.m in Sources */ = {isa = PBXBuildFile; fileRef = C571FD9E1AC09BD400652942 /* AFURLConnectionOperation.m */; };
		C571FDAD1AC09BD400652942 /* AFURLRequestSerialization.m in Sources */ = {isa = PBXBuildFile; fileRef = C571FDA01AC09BD400652942 /* AFURLRequestSerialization.m */; };
		C571FDAE1AC09BD400652942 /* AFURLResponseSerialization.m in Sources */ = {isa = PBXBuildFile; fileRef = C571FDA21AC09BD400652942 /* AFURLResponseSerialization.m */; };
		C571FDAF1AC09BD400652942 /* AFURLSessionManager.m in Sources */ = {isa = PBXBuildFile; fileRef = C571FDA41AC09BD400652942 /* AFURLSessionManager.m */; };
		C571FDB01AC09BD400652942 /* UIImageView+AFNetworking.m in Sources */ = {isa = PBXBuildFile; fileRef = C571FDA61AC09BD400652942 /* UIImageView+AFNetworking.m */; };
		C571FDB21AC09C7100652942 /* MobileCoreServices.framework in Frameworks */ = {isa = PBXBuildFile; fileRef = C571FDB11AC09C7100652942 /* MobileCoreServices.framework */; };
		C571FDB41AC09C8600652942 /* SystemConfiguration.framework in Frameworks */ = {isa = PBXBuildFile; fileRef = C571FDB31AC09C8600652942 /* SystemConfiguration.framework */; };
		C571FDB61AC09C8E00652942 /* CoreGraphics.framework in Frameworks */ = {isa = PBXBuildFile; fileRef = C571FDB51AC09C8E00652942 /* CoreGraphics.framework */; };
		C571FDB81AC09C9700652942 /* Foundation.framework in Frameworks */ = {isa = PBXBuildFile; fileRef = C571FDB71AC09C9700652942 /* Foundation.framework */; };
		C571FDBA1AC09C9D00652942 /* UIKit.framework in Frameworks */ = {isa = PBXBuildFile; fileRef = C571FDB91AC09C9D00652942 /* UIKit.framework */; };
		C571FDBD1AC0A35200652942 /* HomeTableViewCell.m in Sources */ = {isa = PBXBuildFile; fileRef = C571FDBC1AC0A35200652942 /* HomeTableViewCell.m */; };
		C571FDC11AC0A4DE00652942 /* AsyncImageView.m in Sources */ = {isa = PBXBuildFile; fileRef = C571FDC01AC0A4DE00652942 /* AsyncImageView.m */; };
		C571FDC71AC0BD4A00652942 /* QuartzCore.framework in Frameworks */ = {isa = PBXBuildFile; fileRef = C571FDC51AC0BD3500652942 /* QuartzCore.framework */; };
		C571FDCC1AC20B8F00652942 /* MediaPlayer.framework in Frameworks */ = {isa = PBXBuildFile; fileRef = C571FDCB1AC20B8F00652942 /* MediaPlayer.framework */; };
		C571FDCE1AC20FF100652942 /* AVFoundation.framework in Frameworks */ = {isa = PBXBuildFile; fileRef = C571FDCD1AC20FF100652942 /* AVFoundation.framework */; };
		C599F3121B1E641D006E1B29 /* AboutTableViewController.m in Sources */ = {isa = PBXBuildFile; fileRef = C599F3111B1E641D006E1B29 /* AboutTableViewController.m */; };
		C59D36151B1E47C300965C32 /* KMLParser.m in Sources */ = {isa = PBXBuildFile; fileRef = C59D36141B1E47C300965C32 /* KMLParser.m */; };
		C59D36171B1E48DB00965C32 /* StreetMusicMap.kml in Resources */ = {isa = PBXBuildFile; fileRef = C59D36161B1E48DB00965C32 /* StreetMusicMap.kml */; };
		C59D36181B1E48F700965C32 /* StreetMusicMap.kml in Sources */ = {isa = PBXBuildFile; fileRef = C59D36161B1E48DB00965C32 /* StreetMusicMap.kml */; };
		C5C77DA21AC4916E00FF62D2 /* Util.m in Sources */ = {isa = PBXBuildFile; fileRef = C5C77DA11AC4916E00FF62D2 /* Util.m */; };
		C5C77DA51AC4CA7400FF62D2 /* ConfigViewController.m in Sources */ = {isa = PBXBuildFile; fileRef = C5C77DA41AC4CA7400FF62D2 /* ConfigViewController.m */; };
		C5C77DA81AC4D3E000FF62D2 /* Images.xcassets in Resources */ = {isa = PBXBuildFile; fileRef = C5C77DA71AC4D3E000FF62D2 /* Images.xcassets */; };
		C5FF0CB11AC84BF700114BA1 /* loader00.png in Resources */ = {isa = PBXBuildFile; fileRef = C5FF0C991AC84BF700114BA1 /* loader00.png */; };
		C5FF0CB21AC84BF700114BA1 /* loader01.png in Resources */ = {isa = PBXBuildFile; fileRef = C5FF0C9A1AC84BF700114BA1 /* loader01.png */; };
		C5FF0CB31AC84BF700114BA1 /* loader02.png in Resources */ = {isa = PBXBuildFile; fileRef = C5FF0C9B1AC84BF700114BA1 /* loader02.png */; };
		C5FF0CB41AC84BF700114BA1 /* loader03.png in Resources */ = {isa = PBXBuildFile; fileRef = C5FF0C9C1AC84BF700114BA1 /* loader03.png */; };
		C5FF0CB51AC84BF700114BA1 /* loader04.png in Resources */ = {isa = PBXBuildFile; fileRef = C5FF0C9D1AC84BF700114BA1 /* loader04.png */; };
		C5FF0CB61AC84BF700114BA1 /* loader05.png in Resources */ = {isa = PBXBuildFile; fileRef = C5FF0C9E1AC84BF700114BA1 /* loader05.png */; };
		C5FF0CB71AC84BF700114BA1 /* loader06.png in Resources */ = {isa = PBXBuildFile; fileRef = C5FF0C9F1AC84BF700114BA1 /* loader06.png */; };
		C5FF0CB81AC84BF700114BA1 /* loader07.png in Resources */ = {isa = PBXBuildFile; fileRef = C5FF0CA01AC84BF700114BA1 /* loader07.png */; };
		C5FF0CB91AC84BF700114BA1 /* loader08.png in Resources */ = {isa = PBXBuildFile; fileRef = C5FF0CA11AC84BF700114BA1 /* loader08.png */; };
		C5FF0CBA1AC84BF700114BA1 /* loader09.png in Resources */ = {isa = PBXBuildFile; fileRef = C5FF0CA21AC84BF700114BA1 /* loader09.png */; };
		C5FF0CBB1AC84BF700114BA1 /* loader10.png in Resources */ = {isa = PBXBuildFile; fileRef = C5FF0CA31AC84BF700114BA1 /* loader10.png */; };
		C5FF0CBC1AC84BF700114BA1 /* loader11.png in Resources */ = {isa = PBXBuildFile; fileRef = C5FF0CA41AC84BF700114BA1 /* loader11.png */; };
		C5FF0CBD1AC84BF700114BA1 /* loader12.png in Resources */ = {isa = PBXBuildFile; fileRef = C5FF0CA51AC84BF700114BA1 /* loader12.png */; };
		C5FF0CBE1AC84BF700114BA1 /* loader13.png in Resources */ = {isa = PBXBuildFile; fileRef = C5FF0CA61AC84BF700114BA1 /* loader13.png */; };
		C5FF0CBF1AC84BF700114BA1 /* loader14.png in Resources */ = {isa = PBXBuildFile; fileRef = C5FF0CA71AC84BF700114BA1 /* loader14.png */; };
		C5FF0CC01AC84BF700114BA1 /* loader15.png in Resources */ = {isa = PBXBuildFile; fileRef = C5FF0CA81AC84BF700114BA1 /* loader15.png */; };
		C5FF0CC11AC84BF700114BA1 /* loader16.png in Resources */ = {isa = PBXBuildFile; fileRef = C5FF0CA91AC84BF700114BA1 /* loader16.png */; };
		C5FF0CC21AC84BF700114BA1 /* loader17.png in Resources */ = {isa = PBXBuildFile; fileRef = C5FF0CAA1AC84BF700114BA1 /* loader17.png */; };
		C5FF0CC31AC84BF700114BA1 /* loader18.png in Resources */ = {isa = PBXBuildFile; fileRef = C5FF0CAB1AC84BF700114BA1 /* loader18.png */; };
		C5FF0CC41AC84BF700114BA1 /* loader19.png in Resources */ = {isa = PBXBuildFile; fileRef = C5FF0CAC1AC84BF700114BA1 /* loader19.png */; };
		C5FF0CC51AC84BF700114BA1 /* loader20.png in Resources */ = {isa = PBXBuildFile; fileRef = C5FF0CAD1AC84BF700114BA1 /* loader20.png */; };
		C5FF0CC61AC84BF700114BA1 /* loader21.png in Resources */ = {isa = PBXBuildFile; fileRef = C5FF0CAE1AC84BF700114BA1 /* loader21.png */; };
		C5FF0CC71AC84BF700114BA1 /* loader22.png in Resources */ = {isa = PBXBuildFile; fileRef = C5FF0CAF1AC84BF700114BA1 /* loader22.png */; };
		C5FF0CC81AC84BF700114BA1 /* loader23.png in Resources */ = {isa = PBXBuildFile; fileRef = C5FF0CB01AC84BF700114BA1 /* loader23.png */; };
		C5FF0CCE1AC8643A00114BA1 /* LICENSE.txt in Resources */ = {isa = PBXBuildFile; fileRef = C5FF0CCA1AC8643A00114BA1 /* LICENSE.txt */; };
		C5FF0CCF1AC8643A00114BA1 /* README.md in Sources */ = {isa = PBXBuildFile; fileRef = C5FF0CCB1AC8643A00114BA1 /* README.md */; };
		C5FF0CD01AC8643A00114BA1 /* UIImageView+UIActivityIndicatorForSDWebImage.m in Sources */ = {isa = PBXBuildFile; fileRef = C5FF0CCD1AC8643A00114BA1 /* UIImageView+UIActivityIndicatorForSDWebImage.m */; };
		C5FF0CF21AC8672900114BA1 /* LICENSE in Resources */ = {isa = PBXBuildFile; fileRef = C5FF0CD21AC8672900114BA1 /* LICENSE */; };
		C5FF0CF31AC8672900114BA1 /* README.md in Sources */ = {isa = PBXBuildFile; fileRef = C5FF0CD31AC8672900114BA1 /* README.md */; };
		C5FF0CF41AC8672900114BA1 /* NSData+ImageContentType.m in Sources */ = {isa = PBXBuildFile; fileRef = C5FF0CD61AC8672900114BA1 /* NSData+ImageContentType.m */; };
		C5FF0CF51AC8672900114BA1 /* SDImageCache.m in Sources */ = {isa = PBXBuildFile; fileRef = C5FF0CD81AC8672900114BA1 /* SDImageCache.m */; };
		C5FF0CF61AC8672900114BA1 /* SDWebImageCompat.m in Sources */ = {isa = PBXBuildFile; fileRef = C5FF0CDA1AC8672900114BA1 /* SDWebImageCompat.m */; };
		C5FF0CF71AC8672900114BA1 /* SDWebImageDecoder.m in Sources */ = {isa = PBXBuildFile; fileRef = C5FF0CDC1AC8672900114BA1 /* SDWebImageDecoder.m */; };
		C5FF0CF81AC8672900114BA1 /* SDWebImageDownloader.m in Sources */ = {isa = PBXBuildFile; fileRef = C5FF0CDE1AC8672900114BA1 /* SDWebImageDownloader.m */; };
		C5FF0CF91AC8672900114BA1 /* SDWebImageDownloaderOperation.m in Sources */ = {isa = PBXBuildFile; fileRef = C5FF0CE01AC8672900114BA1 /* SDWebImageDownloaderOperation.m */; };
		C5FF0CFA1AC8672900114BA1 /* SDWebImageManager.m in Sources */ = {isa = PBXBuildFile; fileRef = C5FF0CE21AC8672900114BA1 /* SDWebImageManager.m */; };
		C5FF0CFB1AC8672900114BA1 /* SDWebImagePrefetcher.m in Sources */ = {isa = PBXBuildFile; fileRef = C5FF0CE51AC8672900114BA1 /* SDWebImagePrefetcher.m */; };
		C5FF0CFC1AC8672900114BA1 /* UIButton+WebCache.m in Sources */ = {isa = PBXBuildFile; fileRef = C5FF0CE71AC8672900114BA1 /* UIButton+WebCache.m */; };
		C5FF0CFD1AC8672900114BA1 /* UIImage+GIF.m in Sources */ = {isa = PBXBuildFile; fileRef = C5FF0CE91AC8672900114BA1 /* UIImage+GIF.m */; };
		C5FF0CFE1AC8672900114BA1 /* UIImage+MultiFormat.m in Sources */ = {isa = PBXBuildFile; fileRef = C5FF0CEB1AC8672900114BA1 /* UIImage+MultiFormat.m */; };
		C5FF0CFF1AC8672900114BA1 /* UIImageView+HighlightedWebCache.m in Sources */ = {isa = PBXBuildFile; fileRef = C5FF0CED1AC8672900114BA1 /* UIImageView+HighlightedWebCache.m */; };
		C5FF0D001AC8672900114BA1 /* UIImageView+WebCache.m in Sources */ = {isa = PBXBuildFile; fileRef = C5FF0CEF1AC8672900114BA1 /* UIImageView+WebCache.m */; };
		C5FF0D011AC8672900114BA1 /* UIView+WebCacheOperation.m in Sources */ = {isa = PBXBuildFile; fileRef = C5FF0CF11AC8672900114BA1 /* UIView+WebCacheOperation.m */; };
		C5FF0D311AC9B6D300114BA1 /* DetailViewController.m in Sources */ = {isa = PBXBuildFile; fileRef = C5FF0D301AC9B6D300114BA1 /* DetailViewController.m */; };
/* End PBXBuildFile section */

/* Begin PBXContainerItemProxy section */
		C55810CC1AB9035A0074836F /* PBXContainerItemProxy */ = {
			isa = PBXContainerItemProxy;
			containerPortal = C55810A71AB9035A0074836F /* Project object */;
			proxyType = 1;
			remoteGlobalIDString = C55810AE1AB9035A0074836F;
			remoteInfo = StreetMusicMap;
		};
/* End PBXContainerItemProxy section */

/* Begin PBXFileReference section */
		C55616451AC07E30004A4805 /* HomeViewController.h */ = {isa = PBXFileReference; fileEncoding = 4; lastKnownFileType = sourcecode.c.h; name = HomeViewController.h; path = ViewController/HomeViewController.h; sourceTree = "<group>"; };
		C55616461AC07E30004A4805 /* HomeViewController.m */ = {isa = PBXFileReference; fileEncoding = 4; lastKnownFileType = sourcecode.c.objc; name = HomeViewController.m; path = ViewController/HomeViewController.m; sourceTree = "<group>"; };
		C55616491AC07E5A004A4805 /* MapViewController.h */ = {isa = PBXFileReference; fileEncoding = 4; lastKnownFileType = sourcecode.c.h; name = MapViewController.h; path = ViewController/MapViewController.h; sourceTree = "<group>"; };
		C556164A1AC07E5A004A4805 /* MapViewController.m */ = {isa = PBXFileReference; fileEncoding = 4; lastKnownFileType = sourcecode.c.objc; name = MapViewController.m; path = ViewController/MapViewController.m; sourceTree = "<group>"; };
		C55810AF1AB9035A0074836F /* StreetMusicMap.app */ = {isa = PBXFileReference; explicitFileType = wrapper.application; includeInIndex = 0; path = StreetMusicMap.app; sourceTree = BUILT_PRODUCTS_DIR; };
		C55810B31AB9035A0074836F /* Info.plist */ = {isa = PBXFileReference; lastKnownFileType = text.plist.xml; path = Info.plist; sourceTree = "<group>"; };
		C55810B41AB9035A0074836F /* main.m */ = {isa = PBXFileReference; lastKnownFileType = sourcecode.c.objc; path = main.m; sourceTree = "<group>"; };
		C55810B61AB9035A0074836F /* AppDelegate.h */ = {isa = PBXFileReference; lastKnownFileType = sourcecode.c.h; path = AppDelegate.h; sourceTree = "<group>"; };
		C55810B71AB9035A0074836F /* AppDelegate.m */ = {isa = PBXFileReference; lastKnownFileType = sourcecode.c.objc; path = AppDelegate.m; sourceTree = "<group>"; };
		C55810C01AB9035A0074836F /* Base */ = {isa = PBXFileReference; lastKnownFileType = file.storyboard; name = Base; path = Base.lproj/Main.storyboard; sourceTree = "<group>"; };
		C55810CB1AB9035A0074836F /* StreetMusicMapTests.xctest */ = {isa = PBXFileReference; explicitFileType = wrapper.cfbundle; includeInIndex = 0; path = StreetMusicMapTests.xctest; sourceTree = BUILT_PRODUCTS_DIR; };
		C55810D01AB9035A0074836F /* Info.plist */ = {isa = PBXFileReference; lastKnownFileType = text.plist.xml; path = Info.plist; sourceTree = "<group>"; };
		C55810D11AB9035A0074836F /* StreetMusicMapTests.m */ = {isa = PBXFileReference; lastKnownFileType = sourcecode.c.objc; path = StreetMusicMapTests.m; sourceTree = "<group>"; };
		C55BBCAC1AC365C80069EB1C /* DetailTableViewController.h */ = {isa = PBXFileReference; fileEncoding = 4; lastKnownFileType = sourcecode.c.h; name = DetailTableViewController.h; path = ViewController/DetailTableViewController.h; sourceTree = "<group>"; };
		C55BBCAD1AC365C80069EB1C /* DetailTableViewController.m */ = {isa = PBXFileReference; fileEncoding = 4; lastKnownFileType = sourcecode.c.objc; name = DetailTableViewController.m; path = ViewController/DetailTableViewController.m; sourceTree = "<group>"; };
		C55BBCAF1AC3668C0069EB1C /* VideoTableViewCell.h */ = {isa = PBXFileReference; fileEncoding = 4; lastKnownFileType = sourcecode.c.h; name = VideoTableViewCell.h; path = ViewController/VideoTableViewCell.h; sourceTree = "<group>"; };
		C55BBCB01AC3668C0069EB1C /* VideoTableViewCell.m */ = {isa = PBXFileReference; fileEncoding = 4; lastKnownFileType = sourcecode.c.objc; name = VideoTableViewCell.m; path = ViewController/VideoTableViewCell.m; sourceTree = "<group>"; };
		C55BBCB21AC3669A0069EB1C /* CommentsTableViewCell.h */ = {isa = PBXFileReference; fileEncoding = 4; lastKnownFileType = sourcecode.c.h; name = CommentsTableViewCell.h; path = ViewController/CommentsTableViewCell.h; sourceTree = "<group>"; };
		C55BBCB31AC3669A0069EB1C /* CommentsTableViewCell.m */ = {isa = PBXFileReference; fileEncoding = 4; lastKnownFileType = sourcecode.c.objc; name = CommentsTableViewCell.m; path = ViewController/CommentsTableViewCell.m; sourceTree = "<group>"; };
		C55E69181AC08AE000F45B78 /* MapKit.framework */ = {isa = PBXFileReference; lastKnownFileType = wrapper.framework; name = MapKit.framework; path = System/Library/Frameworks/MapKit.framework; sourceTree = SDKROOT; };
		C561DD0E1AE9742E0008A148 /* LoginWebViewViewController.h */ = {isa = PBXFileReference; fileEncoding = 4; lastKnownFileType = sourcecode.c.h; path = LoginWebViewViewController.h; sourceTree = "<group>"; };
		C561DD0F1AE9742E0008A148 /* LoginWebViewViewController.m */ = {isa = PBXFileReference; fileEncoding = 4; lastKnownFileType = sourcecode.c.objc; path = LoginWebViewViewController.m; sourceTree = "<group>"; };
		C571FD751AC09BC400652942 /* InstagramEngine.h */ = {isa = PBXFileReference; fileEncoding = 4; lastKnownFileType = sourcecode.c.h; path = InstagramEngine.h; sourceTree = "<group>"; };
		C571FD761AC09BC400652942 /* InstagramEngine.m */ = {isa = PBXFileReference; fileEncoding = 4; lastKnownFileType = sourcecode.c.objc; path = InstagramEngine.m; sourceTree = "<group>"; };
		C571FD771AC09BC400652942 /* InstagramKit.h */ = {isa = PBXFileReference; fileEncoding = 4; lastKnownFileType = sourcecode.c.h; path = InstagramKit.h; sourceTree = "<group>"; };
		C571FD781AC09BC400652942 /* InstagramKit.plist */ = {isa = PBXFileReference; fileEncoding = 4; lastKnownFileType = text.plist.xml; path = InstagramKit.plist; sourceTree = "<group>"; };
		C571FD7A1AC09BC400652942 /* IKUserInPhoto.h */ = {isa = PBXFileReference; fileEncoding = 4; lastKnownFileType = sourcecode.c.h; path = IKUserInPhoto.h; sourceTree = "<group>"; };
		C571FD7B1AC09BC400652942 /* IKUserInPhoto.m */ = {isa = PBXFileReference; fileEncoding = 4; lastKnownFileType = sourcecode.c.objc; path = IKUserInPhoto.m; sourceTree = "<group>"; };
		C571FD7C1AC09BC400652942 /* InstagramComment.h */ = {isa = PBXFileReference; fileEncoding = 4; lastKnownFileType = sourcecode.c.h; path = InstagramComment.h; sourceTree = "<group>"; };
		C571FD7D1AC09BC400652942 /* InstagramComment.m */ = {isa = PBXFileReference; fileEncoding = 4; lastKnownFileType = sourcecode.c.objc; path = InstagramComment.m; sourceTree = "<group>"; };
		C571FD7E1AC09BC400652942 /* InstagramMedia.h */ = {isa = PBXFileReference; fileEncoding = 4; lastKnownFileType = sourcecode.c.h; path = InstagramMedia.h; sourceTree = "<group>"; };
		C571FD7F1AC09BC400652942 /* InstagramMedia.m */ = {isa = PBXFileReference; fileEncoding = 4; lastKnownFileType = sourcecode.c.objc; path = InstagramMedia.m; sourceTree = "<group>"; };
		C571FD801AC09BC400652942 /* InstagramModel.h */ = {isa = PBXFileReference; fileEncoding = 4; lastKnownFileType = sourcecode.c.h; path = InstagramModel.h; sourceTree = "<group>"; };
		C571FD811AC09BC400652942 /* InstagramModel.m */ = {isa = PBXFileReference; fileEncoding = 4; lastKnownFileType = sourcecode.c.objc; path = InstagramModel.m; sourceTree = "<group>"; };
		C571FD821AC09BC400652942 /* InstagramPaginationInfo.h */ = {isa = PBXFileReference; fileEncoding = 4; lastKnownFileType = sourcecode.c.h; path = InstagramPaginationInfo.h; sourceTree = "<group>"; };
		C571FD831AC09BC400652942 /* InstagramPaginationInfo.m */ = {isa = PBXFileReference; fileEncoding = 4; lastKnownFileType = sourcecode.c.objc; path = InstagramPaginationInfo.m; sourceTree = "<group>"; };
		C571FD841AC09BC400652942 /* InstagramTag.h */ = {isa = PBXFileReference; fileEncoding = 4; lastKnownFileType = sourcecode.c.h; path = InstagramTag.h; sourceTree = "<group>"; };
		C571FD851AC09BC400652942 /* InstagramTag.m */ = {isa = PBXFileReference; fileEncoding = 4; lastKnownFileType = sourcecode.c.objc; path = InstagramTag.m; sourceTree = "<group>"; };
		C571FD861AC09BC400652942 /* InstagramUser.h */ = {isa = PBXFileReference; fileEncoding = 4; lastKnownFileType = sourcecode.c.h; path = InstagramUser.h; sourceTree = "<group>"; };
		C571FD871AC09BC400652942 /* InstagramUser.m */ = {isa = PBXFileReference; fileEncoding = 4; lastKnownFileType = sourcecode.c.objc; path = InstagramUser.m; sourceTree = "<group>"; };
		C571FD921AC09BD400652942 /* AFHTTPRequestOperation.h */ = {isa = PBXFileReference; fileEncoding = 4; lastKnownFileType = sourcecode.c.h; path = AFHTTPRequestOperation.h; sourceTree = "<group>"; };
		C571FD931AC09BD400652942 /* AFHTTPRequestOperation.m */ = {isa = PBXFileReference; fileEncoding = 4; lastKnownFileType = sourcecode.c.objc; path = AFHTTPRequestOperation.m; sourceTree = "<group>"; };
		C571FD941AC09BD400652942 /* AFHTTPRequestOperationManager.h */ = {isa = PBXFileReference; fileEncoding = 4; lastKnownFileType = sourcecode.c.h; path = AFHTTPRequestOperationManager.h; sourceTree = "<group>"; };
		C571FD951AC09BD400652942 /* AFHTTPRequestOperationManager.m */ = {isa = PBXFileReference; fileEncoding = 4; lastKnownFileType = sourcecode.c.objc; path = AFHTTPRequestOperationManager.m; sourceTree = "<group>"; };
		C571FD961AC09BD400652942 /* AFHTTPSessionManager.h */ = {isa = PBXFileReference; fileEncoding = 4; lastKnownFileType = sourcecode.c.h; path = AFHTTPSessionManager.h; sourceTree = "<group>"; };
		C571FD971AC09BD400652942 /* AFHTTPSessionManager.m */ = {isa = PBXFileReference; fileEncoding = 4; lastKnownFileType = sourcecode.c.objc; path = AFHTTPSessionManager.m; sourceTree = "<group>"; };
		C571FD981AC09BD400652942 /* AFNetworking.h */ = {isa = PBXFileReference; fileEncoding = 4; lastKnownFileType = sourcecode.c.h; path = AFNetworking.h; sourceTree = "<group>"; };
		C571FD991AC09BD400652942 /* AFNetworkReachabilityManager.h */ = {isa = PBXFileReference; fileEncoding = 4; lastKnownFileType = sourcecode.c.h; path = AFNetworkReachabilityManager.h; sourceTree = "<group>"; };
		C571FD9A1AC09BD400652942 /* AFNetworkReachabilityManager.m */ = {isa = PBXFileReference; fileEncoding = 4; lastKnownFileType = sourcecode.c.objc; path = AFNetworkReachabilityManager.m; sourceTree = "<group>"; };
		C571FD9B1AC09BD400652942 /* AFSecurityPolicy.h */ = {isa = PBXFileReference; fileEncoding = 4; lastKnownFileType = sourcecode.c.h; path = AFSecurityPolicy.h; sourceTree = "<group>"; };
		C571FD9C1AC09BD400652942 /* AFSecurityPolicy.m */ = {isa = PBXFileReference; fileEncoding = 4; lastKnownFileType = sourcecode.c.objc; path = AFSecurityPolicy.m; sourceTree = "<group>"; };
		C571FD9D1AC09BD400652942 /* AFURLConnectionOperation.h */ = {isa = PBXFileReference; fileEncoding = 4; lastKnownFileType = sourcecode.c.h; path = AFURLConnectionOperation.h; sourceTree = "<group>"; };
		C571FD9E1AC09BD400652942 /* AFURLConnectionOperation.m */ = {isa = PBXFileReference; fileEncoding = 4; lastKnownFileType = sourcecode.c.objc; path = AFURLConnectionOperation.m; sourceTree = "<group>"; };
		C571FD9F1AC09BD400652942 /* AFURLRequestSerialization.h */ = {isa = PBXFileReference; fileEncoding = 4; lastKnownFileType = sourcecode.c.h; path = AFURLRequestSerialization.h; sourceTree = "<group>"; };
		C571FDA01AC09BD400652942 /* AFURLRequestSerialization.m */ = {isa = PBXFileReference; fileEncoding = 4; lastKnownFileType = sourcecode.c.objc; path = AFURLRequestSerialization.m; sourceTree = "<group>"; };
		C571FDA11AC09BD400652942 /* AFURLResponseSerialization.h */ = {isa = PBXFileReference; fileEncoding = 4; lastKnownFileType = sourcecode.c.h; path = AFURLResponseSerialization.h; sourceTree = "<group>"; };
		C571FDA21AC09BD400652942 /* AFURLResponseSerialization.m */ = {isa = PBXFileReference; fileEncoding = 4; lastKnownFileType = sourcecode.c.objc; path = AFURLResponseSerialization.m; sourceTree = "<group>"; };
		C571FDA31AC09BD400652942 /* AFURLSessionManager.h */ = {isa = PBXFileReference; fileEncoding = 4; lastKnownFileType = sourcecode.c.h; path = AFURLSessionManager.h; sourceTree = "<group>"; };
		C571FDA41AC09BD400652942 /* AFURLSessionManager.m */ = {isa = PBXFileReference; fileEncoding = 4; lastKnownFileType = sourcecode.c.objc; path = AFURLSessionManager.m; sourceTree = "<group>"; };
		C571FDA51AC09BD400652942 /* UIImageView+AFNetworking.h */ = {isa = PBXFileReference; fileEncoding = 4; lastKnownFileType = sourcecode.c.h; path = "UIImageView+AFNetworking.h"; sourceTree = "<group>"; };
		C571FDA61AC09BD400652942 /* UIImageView+AFNetworking.m */ = {isa = PBXFileReference; fileEncoding = 4; lastKnownFileType = sourcecode.c.objc; path = "UIImageView+AFNetworking.m"; sourceTree = "<group>"; };
		C571FDB11AC09C7100652942 /* MobileCoreServices.framework */ = {isa = PBXFileReference; lastKnownFileType = wrapper.framework; name = MobileCoreServices.framework; path = System/Library/Frameworks/MobileCoreServices.framework; sourceTree = SDKROOT; };
		C571FDB31AC09C8600652942 /* SystemConfiguration.framework */ = {isa = PBXFileReference; lastKnownFileType = wrapper.framework; name = SystemConfiguration.framework; path = System/Library/Frameworks/SystemConfiguration.framework; sourceTree = SDKROOT; };
		C571FDB51AC09C8E00652942 /* CoreGraphics.framework */ = {isa = PBXFileReference; lastKnownFileType = wrapper.framework; name = CoreGraphics.framework; path = System/Library/Frameworks/CoreGraphics.framework; sourceTree = SDKROOT; };
		C571FDB71AC09C9700652942 /* Foundation.framework */ = {isa = PBXFileReference; lastKnownFileType = wrapper.framework; name = Foundation.framework; path = System/Library/Frameworks/Foundation.framework; sourceTree = SDKROOT; };
		C571FDB91AC09C9D00652942 /* UIKit.framework */ = {isa = PBXFileReference; lastKnownFileType = wrapper.framework; name = UIKit.framework; path = System/Library/Frameworks/UIKit.framework; sourceTree = SDKROOT; };
		C571FDBB1AC0A35200652942 /* HomeTableViewCell.h */ = {isa = PBXFileReference; fileEncoding = 4; lastKnownFileType = sourcecode.c.h; name = HomeTableViewCell.h; path = ViewController/HomeTableViewCell.h; sourceTree = "<group>"; };
		C571FDBC1AC0A35200652942 /* HomeTableViewCell.m */ = {isa = PBXFileReference; fileEncoding = 4; lastKnownFileType = sourcecode.c.objc; name = HomeTableViewCell.m; path = ViewController/HomeTableViewCell.m; sourceTree = "<group>"; };
		C571FDBF1AC0A4DE00652942 /* AsyncImageView.h */ = {isa = PBXFileReference; fileEncoding = 4; lastKnownFileType = sourcecode.c.h; path = AsyncImageView.h; sourceTree = "<group>"; };
		C571FDC01AC0A4DE00652942 /* AsyncImageView.m */ = {isa = PBXFileReference; fileEncoding = 4; lastKnownFileType = sourcecode.c.objc; path = AsyncImageView.m; sourceTree = "<group>"; };
		C571FDC51AC0BD3500652942 /* QuartzCore.framework */ = {isa = PBXFileReference; lastKnownFileType = wrapper.framework; name = QuartzCore.framework; path = System/Library/Frameworks/QuartzCore.framework; sourceTree = SDKROOT; };
		C571FDCB1AC20B8F00652942 /* MediaPlayer.framework */ = {isa = PBXFileReference; lastKnownFileType = wrapper.framework; name = MediaPlayer.framework; path = System/Library/Frameworks/MediaPlayer.framework; sourceTree = SDKROOT; };
		C571FDCD1AC20FF100652942 /* AVFoundation.framework */ = {isa = PBXFileReference; lastKnownFileType = wrapper.framework; name = AVFoundation.framework; path = System/Library/Frameworks/AVFoundation.framework; sourceTree = SDKROOT; };
		C599F3101B1E641D006E1B29 /* AboutTableViewController.h */ = {isa = PBXFileReference; fileEncoding = 4; lastKnownFileType = sourcecode.c.h; name = AboutTableViewController.h; path = ViewController/AboutTableViewController.h; sourceTree = "<group>"; };
		C599F3111B1E641D006E1B29 /* AboutTableViewController.m */ = {isa = PBXFileReference; fileEncoding = 4; lastKnownFileType = sourcecode.c.objc; name = AboutTableViewController.m; path = ViewController/AboutTableViewController.m; sourceTree = "<group>"; };
		C59D36131B1E47C300965C32 /* KMLParser.h */ = {isa = PBXFileReference; fileEncoding = 4; lastKnownFileType = sourcecode.c.h; path = KMLParser.h; sourceTree = "<group>"; };
		C59D36141B1E47C300965C32 /* KMLParser.m */ = {isa = PBXFileReference; fileEncoding = 4; lastKnownFileType = sourcecode.c.objc; path = KMLParser.m; sourceTree = "<group>"; };
		C59D36161B1E48DB00965C32 /* StreetMusicMap.kml */ = {isa = PBXFileReference; fileEncoding = 4; lastKnownFileType = text.xml; path = StreetMusicMap.kml; sourceTree = "<group>"; };
		C5C77DA01AC4916E00FF62D2 /* Util.h */ = {isa = PBXFileReference; fileEncoding = 4; lastKnownFileType = sourcecode.c.h; path = Util.h; sourceTree = "<group>"; };
		C5C77DA11AC4916E00FF62D2 /* Util.m */ = {isa = PBXFileReference; fileEncoding = 4; lastKnownFileType = sourcecode.c.objc; path = Util.m; sourceTree = "<group>"; };
		C5C77DA31AC4CA7400FF62D2 /* ConfigViewController.h */ = {isa = PBXFileReference; fileEncoding = 4; lastKnownFileType = sourcecode.c.h; name = ConfigViewController.h; path = ViewController/ConfigViewController.h; sourceTree = "<group>"; };
		C5C77DA41AC4CA7400FF62D2 /* ConfigViewController.m */ = {isa = PBXFileReference; fileEncoding = 4; lastKnownFileType = sourcecode.c.objc; name = ConfigViewController.m; path = ViewController/ConfigViewController.m; sourceTree = "<group>"; };
		C5C77DA71AC4D3E000FF62D2 /* Images.xcassets */ = {isa = PBXFileReference; lastKnownFileType = folder.assetcatalog; path = Images.xcassets; sourceTree = "<group>"; };
		C5FF0C991AC84BF700114BA1 /* loader00.png */ = {isa = PBXFileReference; lastKnownFileType = image.png; path = loader00.png; sourceTree = "<group>"; };
		C5FF0C9A1AC84BF700114BA1 /* loader01.png */ = {isa = PBXFileReference; lastKnownFileType = image.png; path = loader01.png; sourceTree = "<group>"; };
		C5FF0C9B1AC84BF700114BA1 /* loader02.png */ = {isa = PBXFileReference; lastKnownFileType = image.png; path = loader02.png; sourceTree = "<group>"; };
		C5FF0C9C1AC84BF700114BA1 /* loader03.png */ = {isa = PBXFileReference; lastKnownFileType = image.png; path = loader03.png; sourceTree = "<group>"; };
		C5FF0C9D1AC84BF700114BA1 /* loader04.png */ = {isa = PBXFileReference; lastKnownFileType = image.png; path = loader04.png; sourceTree = "<group>"; };
		C5FF0C9E1AC84BF700114BA1 /* loader05.png */ = {isa = PBXFileReference; lastKnownFileType = image.png; path = loader05.png; sourceTree = "<group>"; };
		C5FF0C9F1AC84BF700114BA1 /* loader06.png */ = {isa = PBXFileReference; lastKnownFileType = image.png; path = loader06.png; sourceTree = "<group>"; };
		C5FF0CA01AC84BF700114BA1 /* loader07.png */ = {isa = PBXFileReference; lastKnownFileType = image.png; path = loader07.png; sourceTree = "<group>"; };
		C5FF0CA11AC84BF700114BA1 /* loader08.png */ = {isa = PBXFileReference; lastKnownFileType = image.png; path = loader08.png; sourceTree = "<group>"; };
		C5FF0CA21AC84BF700114BA1 /* loader09.png */ = {isa = PBXFileReference; lastKnownFileType = image.png; path = loader09.png; sourceTree = "<group>"; };
		C5FF0CA31AC84BF700114BA1 /* loader10.png */ = {isa = PBXFileReference; lastKnownFileType = image.png; path = loader10.png; sourceTree = "<group>"; };
		C5FF0CA41AC84BF700114BA1 /* loader11.png */ = {isa = PBXFileReference; lastKnownFileType = image.png; path = loader11.png; sourceTree = "<group>"; };
		C5FF0CA51AC84BF700114BA1 /* loader12.png */ = {isa = PBXFileReference; lastKnownFileType = image.png; path = loader12.png; sourceTree = "<group>"; };
		C5FF0CA61AC84BF700114BA1 /* loader13.png */ = {isa = PBXFileReference; lastKnownFileType = image.png; path = loader13.png; sourceTree = "<group>"; };
		C5FF0CA71AC84BF700114BA1 /* loader14.png */ = {isa = PBXFileReference; lastKnownFileType = image.png; path = loader14.png; sourceTree = "<group>"; };
		C5FF0CA81AC84BF700114BA1 /* loader15.png */ = {isa = PBXFileReference; lastKnownFileType = image.png; path = loader15.png; sourceTree = "<group>"; };
		C5FF0CA91AC84BF700114BA1 /* loader16.png */ = {isa = PBXFileReference; lastKnownFileType = image.png; path = loader16.png; sourceTree = "<group>"; };
		C5FF0CAA1AC84BF700114BA1 /* loader17.png */ = {isa = PBXFileReference; lastKnownFileType = image.png; path = loader17.png; sourceTree = "<group>"; };
		C5FF0CAB1AC84BF700114BA1 /* loader18.png */ = {isa = PBXFileReference; lastKnownFileType = image.png; path = loader18.png; sourceTree = "<group>"; };
		C5FF0CAC1AC84BF700114BA1 /* loader19.png */ = {isa = PBXFileReference; lastKnownFileType = image.png; path = loader19.png; sourceTree = "<group>"; };
		C5FF0CAD1AC84BF700114BA1 /* loader20.png */ = {isa = PBXFileReference; lastKnownFileType = image.png; path = loader20.png; sourceTree = "<group>"; };
		C5FF0CAE1AC84BF700114BA1 /* loader21.png */ = {isa = PBXFileReference; lastKnownFileType = image.png; path = loader21.png; sourceTree = "<group>"; };
		C5FF0CAF1AC84BF700114BA1 /* loader22.png */ = {isa = PBXFileReference; lastKnownFileType = image.png; path = loader22.png; sourceTree = "<group>"; };
		C5FF0CB01AC84BF700114BA1 /* loader23.png */ = {isa = PBXFileReference; lastKnownFileType = image.png; path = loader23.png; sourceTree = "<group>"; };
		C5FF0CCA1AC8643A00114BA1 /* LICENSE.txt */ = {isa = PBXFileReference; fileEncoding = 4; lastKnownFileType = text; path = LICENSE.txt; sourceTree = "<group>"; };
		C5FF0CCB1AC8643A00114BA1 /* README.md */ = {isa = PBXFileReference; fileEncoding = 4; lastKnownFileType = net.daringfireball.markdown; path = README.md; sourceTree = "<group>"; };
		C5FF0CCC1AC8643A00114BA1 /* UIImageView+UIActivityIndicatorForSDWebImage.h */ = {isa = PBXFileReference; fileEncoding = 4; lastKnownFileType = sourcecode.c.h; path = "UIImageView+UIActivityIndicatorForSDWebImage.h"; sourceTree = "<group>"; };
		C5FF0CCD1AC8643A00114BA1 /* UIImageView+UIActivityIndicatorForSDWebImage.m */ = {isa = PBXFileReference; fileEncoding = 4; lastKnownFileType = sourcecode.c.objc; path = "UIImageView+UIActivityIndicatorForSDWebImage.m"; sourceTree = "<group>"; };
		C5FF0CD21AC8672900114BA1 /* LICENSE */ = {isa = PBXFileReference; fileEncoding = 4; lastKnownFileType = text; path = LICENSE; sourceTree = "<group>"; };
		C5FF0CD31AC8672900114BA1 /* README.md */ = {isa = PBXFileReference; fileEncoding = 4; lastKnownFileType = net.daringfireball.markdown; path = README.md; sourceTree = "<group>"; };
		C5FF0CD51AC8672900114BA1 /* NSData+ImageContentType.h */ = {isa = PBXFileReference; fileEncoding = 4; lastKnownFileType = sourcecode.c.h; path = "NSData+ImageContentType.h"; sourceTree = "<group>"; };
		C5FF0CD61AC8672900114BA1 /* NSData+ImageContentType.m */ = {isa = PBXFileReference; fileEncoding = 4; lastKnownFileType = sourcecode.c.objc; path = "NSData+ImageContentType.m"; sourceTree = "<group>"; };
		C5FF0CD71AC8672900114BA1 /* SDImageCache.h */ = {isa = PBXFileReference; fileEncoding = 4; lastKnownFileType = sourcecode.c.h; path = SDImageCache.h; sourceTree = "<group>"; };
		C5FF0CD81AC8672900114BA1 /* SDImageCache.m */ = {isa = PBXFileReference; fileEncoding = 4; lastKnownFileType = sourcecode.c.objc; path = SDImageCache.m; sourceTree = "<group>"; };
		C5FF0CD91AC8672900114BA1 /* SDWebImageCompat.h */ = {isa = PBXFileReference; fileEncoding = 4; lastKnownFileType = sourcecode.c.h; path = SDWebImageCompat.h; sourceTree = "<group>"; };
		C5FF0CDA1AC8672900114BA1 /* SDWebImageCompat.m */ = {isa = PBXFileReference; fileEncoding = 4; lastKnownFileType = sourcecode.c.objc; path = SDWebImageCompat.m; sourceTree = "<group>"; };
		C5FF0CDB1AC8672900114BA1 /* SDWebImageDecoder.h */ = {isa = PBXFileReference; fileEncoding = 4; lastKnownFileType = sourcecode.c.h; path = SDWebImageDecoder.h; sourceTree = "<group>"; };
		C5FF0CDC1AC8672900114BA1 /* SDWebImageDecoder.m */ = {isa = PBXFileReference; fileEncoding = 4; lastKnownFileType = sourcecode.c.objc; path = SDWebImageDecoder.m; sourceTree = "<group>"; };
		C5FF0CDD1AC8672900114BA1 /* SDWebImageDownloader.h */ = {isa = PBXFileReference; fileEncoding = 4; lastKnownFileType = sourcecode.c.h; path = SDWebImageDownloader.h; sourceTree = "<group>"; };
		C5FF0CDE1AC8672900114BA1 /* SDWebImageDownloader.m */ = {isa = PBXFileReference; fileEncoding = 4; lastKnownFileType = sourcecode.c.objc; path = SDWebImageDownloader.m; sourceTree = "<group>"; };
		C5FF0CDF1AC8672900114BA1 /* SDWebImageDownloaderOperation.h */ = {isa = PBXFileReference; fileEncoding = 4; lastKnownFileType = sourcecode.c.h; path = SDWebImageDownloaderOperation.h; sourceTree = "<group>"; };
		C5FF0CE01AC8672900114BA1 /* SDWebImageDownloaderOperation.m */ = {isa = PBXFileReference; fileEncoding = 4; lastKnownFileType = sourcecode.c.objc; path = SDWebImageDownloaderOperation.m; sourceTree = "<group>"; };
		C5FF0CE11AC8672900114BA1 /* SDWebImageManager.h */ = {isa = PBXFileReference; fileEncoding = 4; lastKnownFileType = sourcecode.c.h; path = SDWebImageManager.h; sourceTree = "<group>"; };
		C5FF0CE21AC8672900114BA1 /* SDWebImageManager.m */ = {isa = PBXFileReference; fileEncoding = 4; lastKnownFileType = sourcecode.c.objc; path = SDWebImageManager.m; sourceTree = "<group>"; };
		C5FF0CE31AC8672900114BA1 /* SDWebImageOperation.h */ = {isa = PBXFileReference; fileEncoding = 4; lastKnownFileType = sourcecode.c.h; path = SDWebImageOperation.h; sourceTree = "<group>"; };
		C5FF0CE41AC8672900114BA1 /* SDWebImagePrefetcher.h */ = {isa = PBXFileReference; fileEncoding = 4; lastKnownFileType = sourcecode.c.h; path = SDWebImagePrefetcher.h; sourceTree = "<group>"; };
		C5FF0CE51AC8672900114BA1 /* SDWebImagePrefetcher.m */ = {isa = PBXFileReference; fileEncoding = 4; lastKnownFileType = sourcecode.c.objc; path = SDWebImagePrefetcher.m; sourceTree = "<group>"; };
		C5FF0CE61AC8672900114BA1 /* UIButton+WebCache.h */ = {isa = PBXFileReference; fileEncoding = 4; lastKnownFileType = sourcecode.c.h; path = "UIButton+WebCache.h"; sourceTree = "<group>"; };
		C5FF0CE71AC8672900114BA1 /* UIButton+WebCache.m */ = {isa = PBXFileReference; fileEncoding = 4; lastKnownFileType = sourcecode.c.objc; path = "UIButton+WebCache.m"; sourceTree = "<group>"; };
		C5FF0CE81AC8672900114BA1 /* UIImage+GIF.h */ = {isa = PBXFileReference; fileEncoding = 4; lastKnownFileType = sourcecode.c.h; path = "UIImage+GIF.h"; sourceTree = "<group>"; };
		C5FF0CE91AC8672900114BA1 /* UIImage+GIF.m */ = {isa = PBXFileReference; fileEncoding = 4; lastKnownFileType = sourcecode.c.objc; path = "UIImage+GIF.m"; sourceTree = "<group>"; };
		C5FF0CEA1AC8672900114BA1 /* UIImage+MultiFormat.h */ = {isa = PBXFileReference; fileEncoding = 4; lastKnownFileType = sourcecode.c.h; path = "UIImage+MultiFormat.h"; sourceTree = "<group>"; };
		C5FF0CEB1AC8672900114BA1 /* UIImage+MultiFormat.m */ = {isa = PBXFileReference; fileEncoding = 4; lastKnownFileType = sourcecode.c.objc; path = "UIImage+MultiFormat.m"; sourceTree = "<group>"; };
		C5FF0CEC1AC8672900114BA1 /* UIImageView+HighlightedWebCache.h */ = {isa = PBXFileReference; fileEncoding = 4; lastKnownFileType = sourcecode.c.h; path = "UIImageView+HighlightedWebCache.h"; sourceTree = "<group>"; };
		C5FF0CED1AC8672900114BA1 /* UIImageView+HighlightedWebCache.m */ = {isa = PBXFileReference; fileEncoding = 4; lastKnownFileType = sourcecode.c.objc; path = "UIImageView+HighlightedWebCache.m"; sourceTree = "<group>"; };
		C5FF0CEE1AC8672900114BA1 /* UIImageView+WebCache.h */ = {isa = PBXFileReference; fileEncoding = 4; lastKnownFileType = sourcecode.c.h; path = "UIImageView+WebCache.h"; sourceTree = "<group>"; };
		C5FF0CEF1AC8672900114BA1 /* UIImageView+WebCache.m */ = {isa = PBXFileReference; fileEncoding = 4; lastKnownFileType = sourcecode.c.objc; path = "UIImageView+WebCache.m"; sourceTree = "<group>"; };
		C5FF0CF01AC8672900114BA1 /* UIView+WebCacheOperation.h */ = {isa = PBXFileReference; fileEncoding = 4; lastKnownFileType = sourcecode.c.h; path = "UIView+WebCacheOperation.h"; sourceTree = "<group>"; };
		C5FF0CF11AC8672900114BA1 /* UIView+WebCacheOperation.m */ = {isa = PBXFileReference; fileEncoding = 4; lastKnownFileType = sourcecode.c.objc; path = "UIView+WebCacheOperation.m"; sourceTree = "<group>"; };
		C5FF0D2F1AC9B6D300114BA1 /* DetailViewController.h */ = {isa = PBXFileReference; fileEncoding = 4; lastKnownFileType = sourcecode.c.h; name = DetailViewController.h; path = ViewController/DetailViewController.h; sourceTree = "<group>"; };
		C5FF0D301AC9B6D300114BA1 /* DetailViewController.m */ = {isa = PBXFileReference; fileEncoding = 4; lastKnownFileType = sourcecode.c.objc; name = DetailViewController.m; path = ViewController/DetailViewController.m; sourceTree = "<group>"; };
/* End PBXFileReference section */

/* Begin PBXFrameworksBuildPhase section */
		C55810AC1AB9035A0074836F /* Frameworks */ = {
			isa = PBXFrameworksBuildPhase;
			buildActionMask = 2147483647;
			files = (
				C571FDCE1AC20FF100652942 /* AVFoundation.framework in Frameworks */,
				C571FDC71AC0BD4A00652942 /* QuartzCore.framework in Frameworks */,
				C571FDCC1AC20B8F00652942 /* MediaPlayer.framework in Frameworks */,
				C571FDBA1AC09C9D00652942 /* UIKit.framework in Frameworks */,
				C571FDB81AC09C9700652942 /* Foundation.framework in Frameworks */,
				C571FDB61AC09C8E00652942 /* CoreGraphics.framework in Frameworks */,
				C571FDB41AC09C8600652942 /* SystemConfiguration.framework in Frameworks */,
				C571FDB21AC09C7100652942 /* MobileCoreServices.framework in Frameworks */,
				C55E69191AC08AE000F45B78 /* MapKit.framework in Frameworks */,
			);
			runOnlyForDeploymentPostprocessing = 0;
		};
		C55810C81AB9035A0074836F /* Frameworks */ = {
			isa = PBXFrameworksBuildPhase;
			buildActionMask = 2147483647;
			files = (
			);
			runOnlyForDeploymentPostprocessing = 0;
		};
/* End PBXFrameworksBuildPhase section */

/* Begin PBXGroup section */
		C55616481AC07E34004A4805 /* Controller */ = {
			isa = PBXGroup;
			children = (
				C5C77D9C1AC47D9E00FF62D2 /* Home */,
				C5C77D9F1AC47DC700FF62D2 /* Map */,
				C5C77D9E1AC47DBF00FF62D2 /* About */,
				C5C77D9D1AC47DB300FF62D2 /* Detail */,
				C5C77DA61AC4CA7A00FF62D2 /* Config */,
			);
			name = Controller;
			sourceTree = "<group>";
		};
		C556164F1AC07E9B004A4805 /* VIew */ = {
			isa = PBXGroup;
			children = (
				C55810BF1AB9035A0074836F /* Main.storyboard */,
			);
			name = VIew;
			sourceTree = "<group>";
		};
		C55810A61AB903590074836F = {
			isa = PBXGroup;
			children = (
				C55810B11AB9035A0074836F /* StreetMusicMap */,
				C55E691A1AC08E9C00F45B78 /* Framework */,
				C55810CE1AB9035A0074836F /* StreetMusicMapTests */,
				C55810B01AB9035A0074836F /* Products */,
			);
			sourceTree = "<group>";
		};
		C55810B01AB9035A0074836F /* Products */ = {
			isa = PBXGroup;
			children = (
				C55810AF1AB9035A0074836F /* StreetMusicMap.app */,
				C55810CB1AB9035A0074836F /* StreetMusicMapTests.xctest */,
			);
			name = Products;
			sourceTree = "<group>";
		};
		C55810B11AB9035A0074836F /* StreetMusicMap */ = {
			isa = PBXGroup;
			children = (
				C5C77DA01AC4916E00FF62D2 /* Util.h */,
				C5C77DA11AC4916E00FF62D2 /* Util.m */,
				C55810B61AB9035A0074836F /* AppDelegate.h */,
				C55810B71AB9035A0074836F /* AppDelegate.m */,
				C5C77DA71AC4D3E000FF62D2 /* Images.xcassets */,
				C556164F1AC07E9B004A4805 /* VIew */,
				C55616481AC07E34004A4805 /* Controller */,
				C55810B21AB9035A0074836F /* Supporting Files */,
			);
			path = StreetMusicMap;
			sourceTree = "<group>";
		};
		C55810B21AB9035A0074836F /* Supporting Files */ = {
			isa = PBXGroup;
			children = (
				C5FF0C981AC84BF700114BA1 /* loader */,
				C55810B31AB9035A0074836F /* Info.plist */,
				C55810B41AB9035A0074836F /* main.m */,
			);
			name = "Supporting Files";
			sourceTree = "<group>";
		};
		C55810CE1AB9035A0074836F /* StreetMusicMapTests */ = {
			isa = PBXGroup;
			children = (
				C55810D11AB9035A0074836F /* StreetMusicMapTests.m */,
				C55810CF1AB9035A0074836F /* Supporting Files */,
			);
			path = StreetMusicMapTests;
			sourceTree = "<group>";
		};
		C55810CF1AB9035A0074836F /* Supporting Files */ = {
			isa = PBXGroup;
			children = (
				C55810D01AB9035A0074836F /* Info.plist */,
			);
			name = "Supporting Files";
			sourceTree = "<group>";
		};
		C55E691A1AC08E9C00F45B78 /* Framework */ = {
			isa = PBXGroup;
			children = (
				C5FF0CD11AC8672900114BA1 /* SDWebImage */,
				C5FF0CC91AC8643A00114BA1 /* UIActivityIndicator-for-SDWebImage */,
				C571FDBE1AC0A4DE00652942 /* AsyncImageView */,
				C571FD731AC09BC400652942 /* InstagramKit */,
				C571FD911AC09BD400652942 /* AFNetworking */,
				C571FDCD1AC20FF100652942 /* AVFoundation.framework */,
				C571FDCB1AC20B8F00652942 /* MediaPlayer.framework */,
				C571FDC51AC0BD3500652942 /* QuartzCore.framework */,
				C571FDB91AC09C9D00652942 /* UIKit.framework */,
				C571FDB71AC09C9700652942 /* Foundation.framework */,
				C571FDB51AC09C8E00652942 /* CoreGraphics.framework */,
				C571FDB31AC09C8600652942 /* SystemConfiguration.framework */,
				C571FDB11AC09C7100652942 /* MobileCoreServices.framework */,
				C55E69181AC08AE000F45B78 /* MapKit.framework */,
			);
			name = Framework;
			sourceTree = "<group>";
		};
		C571FD731AC09BC400652942 /* InstagramKit */ = {
			isa = PBXGroup;
			children = (
				C571FD741AC09BC400652942 /* Engine */,
				C571FD771AC09BC400652942 /* InstagramKit.h */,
				C571FD781AC09BC400652942 /* InstagramKit.plist */,
				C571FD791AC09BC400652942 /* Models */,
			);
			path = InstagramKit;
			sourceTree = "<group>";
		};
		C571FD741AC09BC400652942 /* Engine */ = {
			isa = PBXGroup;
			children = (
				C571FD751AC09BC400652942 /* InstagramEngine.h */,
				C571FD761AC09BC400652942 /* InstagramEngine.m */,
			);
			path = Engine;
			sourceTree = "<group>";
		};
		C571FD791AC09BC400652942 /* Models */ = {
			isa = PBXGroup;
			children = (
				C571FD7A1AC09BC400652942 /* IKUserInPhoto.h */,
				C571FD7B1AC09BC400652942 /* IKUserInPhoto.m */,
				C571FD7C1AC09BC400652942 /* InstagramComment.h */,
				C571FD7D1AC09BC400652942 /* InstagramComment.m */,
				C571FD7E1AC09BC400652942 /* InstagramMedia.h */,
				C571FD7F1AC09BC400652942 /* InstagramMedia.m */,
				C571FD801AC09BC400652942 /* InstagramModel.h */,
				C571FD811AC09BC400652942 /* InstagramModel.m */,
				C571FD821AC09BC400652942 /* InstagramPaginationInfo.h */,
				C571FD831AC09BC400652942 /* InstagramPaginationInfo.m */,
				C571FD841AC09BC400652942 /* InstagramTag.h */,
				C571FD851AC09BC400652942 /* InstagramTag.m */,
				C571FD861AC09BC400652942 /* InstagramUser.h */,
				C571FD871AC09BC400652942 /* InstagramUser.m */,
			);
			path = Models;
			sourceTree = "<group>";
		};
		C571FD911AC09BD400652942 /* AFNetworking */ = {
			isa = PBXGroup;
			children = (
				C571FD921AC09BD400652942 /* AFHTTPRequestOperation.h */,
				C571FD931AC09BD400652942 /* AFHTTPRequestOperation.m */,
				C571FD941AC09BD400652942 /* AFHTTPRequestOperationManager.h */,
				C571FD951AC09BD400652942 /* AFHTTPRequestOperationManager.m */,
				C571FD961AC09BD400652942 /* AFHTTPSessionManager.h */,
				C571FD971AC09BD400652942 /* AFHTTPSessionManager.m */,
				C571FD981AC09BD400652942 /* AFNetworking.h */,
				C571FD991AC09BD400652942 /* AFNetworkReachabilityManager.h */,
				C571FD9A1AC09BD400652942 /* AFNetworkReachabilityManager.m */,
				C571FD9B1AC09BD400652942 /* AFSecurityPolicy.h */,
				C571FD9C1AC09BD400652942 /* AFSecurityPolicy.m */,
				C571FD9D1AC09BD400652942 /* AFURLConnectionOperation.h */,
				C571FD9E1AC09BD400652942 /* AFURLConnectionOperation.m */,
				C571FD9F1AC09BD400652942 /* AFURLRequestSerialization.h */,
				C571FDA01AC09BD400652942 /* AFURLRequestSerialization.m */,
				C571FDA11AC09BD400652942 /* AFURLResponseSerialization.h */,
				C571FDA21AC09BD400652942 /* AFURLResponseSerialization.m */,
				C571FDA31AC09BD400652942 /* AFURLSessionManager.h */,
				C571FDA41AC09BD400652942 /* AFURLSessionManager.m */,
				C571FDA51AC09BD400652942 /* UIImageView+AFNetworking.h */,
				C571FDA61AC09BD400652942 /* UIImageView+AFNetworking.m */,
			);
			path = AFNetworking;
			sourceTree = "<group>";
		};
		C571FDBE1AC0A4DE00652942 /* AsyncImageView */ = {
			isa = PBXGroup;
			children = (
				C571FDBF1AC0A4DE00652942 /* AsyncImageView.h */,
				C571FDC01AC0A4DE00652942 /* AsyncImageView.m */,
			);
			path = AsyncImageView;
			sourceTree = "<group>";
		};
		C5C77D9C1AC47D9E00FF62D2 /* Home */ = {
			isa = PBXGroup;
			children = (
				C55616451AC07E30004A4805 /* HomeViewController.h */,
				C55616461AC07E30004A4805 /* HomeViewController.m */,
				C571FDBB1AC0A35200652942 /* HomeTableViewCell.h */,
				C571FDBC1AC0A35200652942 /* HomeTableViewCell.m */,
			);
			name = Home;
			sourceTree = "<group>";
		};
		C5C77D9D1AC47DB300FF62D2 /* Detail */ = {
			isa = PBXGroup;
			children = (
				C5FF0D2F1AC9B6D300114BA1 /* DetailViewController.h */,
				C5FF0D301AC9B6D300114BA1 /* DetailViewController.m */,
				C55BBCAC1AC365C80069EB1C /* DetailTableViewController.h */,
				C55BBCAD1AC365C80069EB1C /* DetailTableViewController.m */,
				C55BBCAF1AC3668C0069EB1C /* VideoTableViewCell.h */,
				C55BBCB01AC3668C0069EB1C /* VideoTableViewCell.m */,
				C55BBCB21AC3669A0069EB1C /* CommentsTableViewCell.h */,
				C55BBCB31AC3669A0069EB1C /* CommentsTableViewCell.m */,
			);
			name = Detail;
			sourceTree = "<group>";
		};
		C5C77D9E1AC47DBF00FF62D2 /* About */ = {
			isa = PBXGroup;
			children = (
				C599F3101B1E641D006E1B29 /* AboutTableViewController.h */,
				C599F3111B1E641D006E1B29 /* AboutTableViewController.m */,
			);
			name = About;
			sourceTree = "<group>";
		};
		C5C77D9F1AC47DC700FF62D2 /* Map */ = {
			isa = PBXGroup;
			children = (
				C59D36161B1E48DB00965C32 /* StreetMusicMap.kml */,
				C59D36131B1E47C300965C32 /* KMLParser.h */,
				C59D36141B1E47C300965C32 /* KMLParser.m */,
				C55616491AC07E5A004A4805 /* MapViewController.h */,
				C556164A1AC07E5A004A4805 /* MapViewController.m */,
			);
			name = Map;
			sourceTree = "<group>";
		};
		C5C77DA61AC4CA7A00FF62D2 /* Config */ = {
			isa = PBXGroup;
			children = (
				C5C77DA31AC4CA7400FF62D2 /* ConfigViewController.h */,
				C5C77DA41AC4CA7400FF62D2 /* ConfigViewController.m */,
				C561DD0E1AE9742E0008A148 /* LoginWebViewViewController.h */,
				C561DD0F1AE9742E0008A148 /* LoginWebViewViewController.m */,
			);
			name = Config;
			sourceTree = "<group>";
		};
		C5FF0C981AC84BF700114BA1 /* loader */ = {
			isa = PBXGroup;
			children = (
				C5FF0C991AC84BF700114BA1 /* loader00.png */,
				C5FF0C9A1AC84BF700114BA1 /* loader01.png */,
				C5FF0C9B1AC84BF700114BA1 /* loader02.png */,
				C5FF0C9C1AC84BF700114BA1 /* loader03.png */,
				C5FF0C9D1AC84BF700114BA1 /* loader04.png */,
				C5FF0C9E1AC84BF700114BA1 /* loader05.png */,
				C5FF0C9F1AC84BF700114BA1 /* loader06.png */,
				C5FF0CA01AC84BF700114BA1 /* loader07.png */,
				C5FF0CA11AC84BF700114BA1 /* loader08.png */,
				C5FF0CA21AC84BF700114BA1 /* loader09.png */,
				C5FF0CA31AC84BF700114BA1 /* loader10.png */,
				C5FF0CA41AC84BF700114BA1 /* loader11.png */,
				C5FF0CA51AC84BF700114BA1 /* loader12.png */,
				C5FF0CA61AC84BF700114BA1 /* loader13.png */,
				C5FF0CA71AC84BF700114BA1 /* loader14.png */,
				C5FF0CA81AC84BF700114BA1 /* loader15.png */,
				C5FF0CA91AC84BF700114BA1 /* loader16.png */,
				C5FF0CAA1AC84BF700114BA1 /* loader17.png */,
				C5FF0CAB1AC84BF700114BA1 /* loader18.png */,
				C5FF0CAC1AC84BF700114BA1 /* loader19.png */,
				C5FF0CAD1AC84BF700114BA1 /* loader20.png */,
				C5FF0CAE1AC84BF700114BA1 /* loader21.png */,
				C5FF0CAF1AC84BF700114BA1 /* loader22.png */,
				C5FF0CB01AC84BF700114BA1 /* loader23.png */,
			);
			path = loader;
			sourceTree = "<group>";
		};
		C5FF0CC91AC8643A00114BA1 /* UIActivityIndicator-for-SDWebImage */ = {
			isa = PBXGroup;
			children = (
				C5FF0CCA1AC8643A00114BA1 /* LICENSE.txt */,
				C5FF0CCB1AC8643A00114BA1 /* README.md */,
				C5FF0CCC1AC8643A00114BA1 /* UIImageView+UIActivityIndicatorForSDWebImage.h */,
				C5FF0CCD1AC8643A00114BA1 /* UIImageView+UIActivityIndicatorForSDWebImage.m */,
			);
			path = "UIActivityIndicator-for-SDWebImage";
			sourceTree = "<group>";
		};
		C5FF0CD11AC8672900114BA1 /* SDWebImage */ = {
			isa = PBXGroup;
			children = (
				C5FF0CD21AC8672900114BA1 /* LICENSE */,
				C5FF0CD31AC8672900114BA1 /* README.md */,
				C5FF0CD41AC8672900114BA1 /* SDWebImage */,
			);
			path = SDWebImage;
			sourceTree = "<group>";
		};
		C5FF0CD41AC8672900114BA1 /* SDWebImage */ = {
			isa = PBXGroup;
			children = (
				C5FF0CD51AC8672900114BA1 /* NSData+ImageContentType.h */,
				C5FF0CD61AC8672900114BA1 /* NSData+ImageContentType.m */,
				C5FF0CD71AC8672900114BA1 /* SDImageCache.h */,
				C5FF0CD81AC8672900114BA1 /* SDImageCache.m */,
				C5FF0CD91AC8672900114BA1 /* SDWebImageCompat.h */,
				C5FF0CDA1AC8672900114BA1 /* SDWebImageCompat.m */,
				C5FF0CDB1AC8672900114BA1 /* SDWebImageDecoder.h */,
				C5FF0CDC1AC8672900114BA1 /* SDWebImageDecoder.m */,
				C5FF0CDD1AC8672900114BA1 /* SDWebImageDownloader.h */,
				C5FF0CDE1AC8672900114BA1 /* SDWebImageDownloader.m */,
				C5FF0CDF1AC8672900114BA1 /* SDWebImageDownloaderOperation.h */,
				C5FF0CE01AC8672900114BA1 /* SDWebImageDownloaderOperation.m */,
				C5FF0CE11AC8672900114BA1 /* SDWebImageManager.h */,
				C5FF0CE21AC8672900114BA1 /* SDWebImageManager.m */,
				C5FF0CE31AC8672900114BA1 /* SDWebImageOperation.h */,
				C5FF0CE41AC8672900114BA1 /* SDWebImagePrefetcher.h */,
				C5FF0CE51AC8672900114BA1 /* SDWebImagePrefetcher.m */,
				C5FF0CE61AC8672900114BA1 /* UIButton+WebCache.h */,
				C5FF0CE71AC8672900114BA1 /* UIButton+WebCache.m */,
				C5FF0CE81AC8672900114BA1 /* UIImage+GIF.h */,
				C5FF0CE91AC8672900114BA1 /* UIImage+GIF.m */,
				C5FF0CEA1AC8672900114BA1 /* UIImage+MultiFormat.h */,
				C5FF0CEB1AC8672900114BA1 /* UIImage+MultiFormat.m */,
				C5FF0CEC1AC8672900114BA1 /* UIImageView+HighlightedWebCache.h */,
				C5FF0CED1AC8672900114BA1 /* UIImageView+HighlightedWebCache.m */,
				C5FF0CEE1AC8672900114BA1 /* UIImageView+WebCache.h */,
				C5FF0CEF1AC8672900114BA1 /* UIImageView+WebCache.m */,
				C5FF0CF01AC8672900114BA1 /* UIView+WebCacheOperation.h */,
				C5FF0CF11AC8672900114BA1 /* UIView+WebCacheOperation.m */,
			);
			path = SDWebImage;
			sourceTree = "<group>";
		};
/* End PBXGroup section */

/* Begin PBXNativeTarget section */
		C55810AE1AB9035A0074836F /* StreetMusicMap */ = {
			isa = PBXNativeTarget;
			buildConfigurationList = C55810D51AB9035A0074836F /* Build configuration list for PBXNativeTarget "StreetMusicMap" */;
			buildPhases = (
				C55810AB1AB9035A0074836F /* Sources */,
				C55810AC1AB9035A0074836F /* Frameworks */,
				C55810AD1AB9035A0074836F /* Resources */,
			);
			buildRules = (
			);
			dependencies = (
			);
			name = StreetMusicMap;
			productName = StreetMusicMap;
			productReference = C55810AF1AB9035A0074836F /* StreetMusicMap.app */;
			productType = "com.apple.product-type.application";
		};
		C55810CA1AB9035A0074836F /* StreetMusicMapTests */ = {
			isa = PBXNativeTarget;
			buildConfigurationList = C55810D81AB9035A0074836F /* Build configuration list for PBXNativeTarget "StreetMusicMapTests" */;
			buildPhases = (
				C55810C71AB9035A0074836F /* Sources */,
				C55810C81AB9035A0074836F /* Frameworks */,
				C55810C91AB9035A0074836F /* Resources */,
			);
			buildRules = (
			);
			dependencies = (
				C55810CD1AB9035A0074836F /* PBXTargetDependency */,
			);
			name = StreetMusicMapTests;
			productName = StreetMusicMapTests;
			productReference = C55810CB1AB9035A0074836F /* StreetMusicMapTests.xctest */;
			productType = "com.apple.product-type.bundle.unit-test";
		};
/* End PBXNativeTarget section */

/* Begin PBXProject section */
		C55810A71AB9035A0074836F /* Project object */ = {
			isa = PBXProject;
			attributes = {
				LastUpgradeCheck = 0620;
				ORGANIZATIONNAME = TrueTapp;
				TargetAttributes = {
					C55810AE1AB9035A0074836F = {
						CreatedOnToolsVersion = 6.2;
						DevelopmentTeam = DNPZJLD62G;
						SystemCapabilities = {
							com.apple.DataProtection = {
								enabled = 1;
							};
						};
					};
					C55810CA1AB9035A0074836F = {
						CreatedOnToolsVersion = 6.2;
						TestTargetID = C55810AE1AB9035A0074836F;
					};
				};
			};
			buildConfigurationList = C55810AA1AB9035A0074836F /* Build configuration list for PBXProject "StreetMusicMap" */;
			compatibilityVersion = "Xcode 3.2";
			developmentRegion = English;
			hasScannedForEncodings = 0;
			knownRegions = (
				en,
				Base,
			);
			mainGroup = C55810A61AB903590074836F;
			productRefGroup = C55810B01AB9035A0074836F /* Products */;
			projectDirPath = "";
			projectRoot = "";
			targets = (
				C55810AE1AB9035A0074836F /* StreetMusicMap */,
				C55810CA1AB9035A0074836F /* StreetMusicMapTests */,
			);
		};
/* End PBXProject section */

/* Begin PBXResourcesBuildPhase section */
		C55810AD1AB9035A0074836F /* Resources */ = {
			isa = PBXResourcesBuildPhase;
			buildActionMask = 2147483647;
			files = (
				C59D36171B1E48DB00965C32 /* StreetMusicMap.kml in Resources */,
				C5FF0CC51AC84BF700114BA1 /* loader20.png in Resources */,
				C5FF0CB41AC84BF700114BA1 /* loader03.png in Resources */,
				C5FF0CB31AC84BF700114BA1 /* loader02.png in Resources */,
				C5FF0CB51AC84BF700114BA1 /* loader04.png in Resources */,
				C5FF0CF21AC8672900114BA1 /* LICENSE in Resources */,
				C5FF0CBC1AC84BF700114BA1 /* loader11.png in Resources */,
				C5C77DA81AC4D3E000FF62D2 /* Images.xcassets in Resources */,
				C5FF0CC81AC84BF700114BA1 /* loader23.png in Resources */,
				C5FF0CC31AC84BF700114BA1 /* loader18.png in Resources */,
				C5FF0CBE1AC84BF700114BA1 /* loader13.png in Resources */,
				C5FF0CC61AC84BF700114BA1 /* loader21.png in Resources */,
				C5FF0CC21AC84BF700114BA1 /* loader17.png in Resources */,
				C5FF0CC71AC84BF700114BA1 /* loader22.png in Resources */,
				C55810C11AB9035A0074836F /* Main.storyboard in Resources */,
				C5FF0CC41AC84BF700114BA1 /* loader19.png in Resources */,
				C5FF0CB11AC84BF700114BA1 /* loader00.png in Resources */,
				C5FF0CB91AC84BF700114BA1 /* loader08.png in Resources */,
				C5FF0CB61AC84BF700114BA1 /* loader05.png in Resources */,
				C5FF0CC01AC84BF700114BA1 /* loader15.png in Resources */,
				C5FF0CBD1AC84BF700114BA1 /* loader12.png in Resources */,
				C5FF0CB21AC84BF700114BA1 /* loader01.png in Resources */,
				C5FF0CCE1AC8643A00114BA1 /* LICENSE.txt in Resources */,
				C5FF0CC11AC84BF700114BA1 /* loader16.png in Resources */,
				C5FF0CB81AC84BF700114BA1 /* loader07.png in Resources */,
				C5FF0CBA1AC84BF700114BA1 /* loader09.png in Resources */,
				C5FF0CB71AC84BF700114BA1 /* loader06.png in Resources */,
				C5FF0CBF1AC84BF700114BA1 /* loader14.png in Resources */,
				C571FD891AC09BC400652942 /* InstagramKit.plist in Resources */,
				C5FF0CBB1AC84BF700114BA1 /* loader10.png in Resources */,
			);
			runOnlyForDeploymentPostprocessing = 0;
		};
		C55810C91AB9035A0074836F /* Resources */ = {
			isa = PBXResourcesBuildPhase;
			buildActionMask = 2147483647;
			files = (
			);
			runOnlyForDeploymentPostprocessing = 0;
		};
/* End PBXResourcesBuildPhase section */

/* Begin PBXSourcesBuildPhase section */
		C55810AB1AB9035A0074836F /* Sources */ = {
			isa = PBXSourcesBuildPhase;
			buildActionMask = 2147483647;
			files = (
				C59D36181B1E48F700965C32 /* StreetMusicMap.kml in Sources */,
				C571FD8E1AC09BC400652942 /* InstagramPaginationInfo.m in Sources */,
				C571FD8A1AC09BC400652942 /* IKUserInPhoto.m in Sources */,
				C5FF0D011AC8672900114BA1 /* UIView+WebCacheOperation.m in Sources */,
				C571FDBD1AC0A35200652942 /* HomeTableViewCell.m in Sources */,
				C571FDA81AC09BD400652942 /* AFHTTPRequestOperationManager.m in Sources */,
				C5FF0CCF1AC8643A00114BA1 /* README.md in Sources */,
				C571FD881AC09BC400652942 /* InstagramEngine.m in Sources */,
				C561DD101AE9742E0008A148 /* LoginWebViewViewController.m in Sources */,
				C5C77DA21AC4916E00FF62D2 /* Util.m in Sources */,
				C5FF0CFC1AC8672900114BA1 /* UIButton+WebCache.m in Sources */,
				C599F3121B1E641D006E1B29 /* AboutTableViewController.m in Sources */,
				C571FDAC1AC09BD400652942 /* AFURLConnectionOperation.m in Sources */,
				C571FDB01AC09BD400652942 /* UIImageView+AFNetworking.m in Sources */,
				C5FF0CF31AC8672900114BA1 /* README.md in Sources */,
				C5FF0CFD1AC8672900114BA1 /* UIImage+GIF.m in Sources */,
				C5FF0CFB1AC8672900114BA1 /* SDWebImagePrefetcher.m in Sources */,
				C571FD901AC09BC400652942 /* InstagramUser.m in Sources */,
				C571FD8F1AC09BC400652942 /* InstagramTag.m in Sources */,
				C55BBCB41AC3669A0069EB1C /* CommentsTableViewCell.m in Sources */,
				C5FF0CF61AC8672900114BA1 /* SDWebImageCompat.m in Sources */,
				C5FF0CF81AC8672900114BA1 /* SDWebImageDownloader.m in Sources */,
				C5FF0CFF1AC8672900114BA1 /* UIImageView+HighlightedWebCache.m in Sources */,
				C5FF0CF91AC8672900114BA1 /* SDWebImageDownloaderOperation.m in Sources */,
				C5FF0CF71AC8672900114BA1 /* SDWebImageDecoder.m in Sources */,
				C5FF0CFA1AC8672900114BA1 /* SDWebImageManager.m in Sources */,
				C571FDAD1AC09BD400652942 /* AFURLRequestSerialization.m in Sources */,
				C55810B81AB9035A0074836F /* AppDelegate.m in Sources */,
				C571FDC11AC0A4DE00652942 /* AsyncImageView.m in Sources */,
				C571FDA91AC09BD400652942 /* AFHTTPSessionManager.m in Sources */,
				C571FDA71AC09BD400652942 /* AFHTTPRequestOperation.m in Sources */,
				C571FD8C1AC09BC400652942 /* InstagramMedia.m in Sources */,
				C571FDAB1AC09BD400652942 /* AFSecurityPolicy.m in Sources */,
				C571FDAA1AC09BD400652942 /* AFNetworkReachabilityManager.m in Sources */,
				C571FDAF1AC09BD400652942 /* AFURLSessionManager.m in Sources */,
				C556164B1AC07E5A004A4805 /* MapViewController.m in Sources */,
				C5FF0CFE1AC8672900114BA1 /* UIImage+MultiFormat.m in Sources */,
				C5FF0D311AC9B6D300114BA1 /* DetailViewController.m in Sources */,
				C59D36151B1E47C300965C32 /* KMLParser.m in Sources */,
				C5FF0CD01AC8643A00114BA1 /* UIImageView+UIActivityIndicatorForSDWebImage.m in Sources */,
				C5C77DA51AC4CA7400FF62D2 /* ConfigViewController.m in Sources */,
				C5FF0CF41AC8672900114BA1 /* NSData+ImageContentType.m in Sources */,
				C55BBCB11AC3668C0069EB1C /* VideoTableViewCell.m in Sources */,
				C55BBCAE1AC365C80069EB1C /* DetailTableViewController.m in Sources */,
				C571FD8D1AC09BC400652942 /* InstagramModel.m in Sources */,
				C55616471AC07E30004A4805 /* HomeViewController.m in Sources */,
				C571FD8B1AC09BC400652942 /* InstagramComment.m in Sources */,
				C571FDAE1AC09BD400652942 /* AFURLResponseSerialization.m in Sources */,
				C55810B51AB9035A0074836F /* main.m in Sources */,
				C5FF0D001AC8672900114BA1 /* UIImageView+WebCache.m in Sources */,
				C5FF0CF51AC8672900114BA1 /* SDImageCache.m in Sources */,
			);
			runOnlyForDeploymentPostprocessing = 0;
		};
		C55810C71AB9035A0074836F /* Sources */ = {
			isa = PBXSourcesBuildPhase;
			buildActionMask = 2147483647;
			files = (
				C55810D21AB9035A0074836F /* StreetMusicMapTests.m in Sources */,
			);
			runOnlyForDeploymentPostprocessing = 0;
		};
/* End PBXSourcesBuildPhase section */

/* Begin PBXTargetDependency section */
		C55810CD1AB9035A0074836F /* PBXTargetDependency */ = {
			isa = PBXTargetDependency;
			target = C55810AE1AB9035A0074836F /* StreetMusicMap */;
			targetProxy = C55810CC1AB9035A0074836F /* PBXContainerItemProxy */;
		};
/* End PBXTargetDependency section */

/* Begin PBXVariantGroup section */
		C55810BF1AB9035A0074836F /* Main.storyboard */ = {
			isa = PBXVariantGroup;
			children = (
				C55810C01AB9035A0074836F /* Base */,
			);
			name = Main.storyboard;
			sourceTree = "<group>";
		};
/* End PBXVariantGroup section */

/* Begin XCBuildConfiguration section */
		C55810D31AB9035A0074836F /* Debug */ = {
			isa = XCBuildConfiguration;
			buildSettings = {
				ALWAYS_SEARCH_USER_PATHS = NO;
				CLANG_CXX_LANGUAGE_STANDARD = "gnu++0x";
				CLANG_CXX_LIBRARY = "libc++";
				CLANG_ENABLE_MODULES = YES;
				CLANG_ENABLE_OBJC_ARC = YES;
				CLANG_WARN_BOOL_CONVERSION = YES;
				CLANG_WARN_CONSTANT_CONVERSION = YES;
				CLANG_WARN_DIRECT_OBJC_ISA_USAGE = YES_ERROR;
				CLANG_WARN_EMPTY_BODY = YES;
				CLANG_WARN_ENUM_CONVERSION = YES;
				CLANG_WARN_INT_CONVERSION = YES;
				CLANG_WARN_OBJC_ROOT_CLASS = YES_ERROR;
				CLANG_WARN_UNREACHABLE_CODE = YES;
				CLANG_WARN__DUPLICATE_METHOD_MATCH = YES;
				"CODE_SIGN_IDENTITY[sdk=iphoneos*]" = "iPhone Developer";
				COPY_PHASE_STRIP = NO;
				ENABLE_STRICT_OBJC_MSGSEND = YES;
				GCC_C_LANGUAGE_STANDARD = gnu99;
				GCC_DYNAMIC_NO_PIC = NO;
				GCC_OPTIMIZATION_LEVEL = 0;
				GCC_PREPROCESSOR_DEFINITIONS = (
					"DEBUG=1",
					"$(inherited)",
				);
				GCC_SYMBOLS_PRIVATE_EXTERN = NO;
				GCC_WARN_64_TO_32_BIT_CONVERSION = YES;
				GCC_WARN_ABOUT_RETURN_TYPE = YES_ERROR;
				GCC_WARN_UNDECLARED_SELECTOR = YES;
				GCC_WARN_UNINITIALIZED_AUTOS = YES_AGGRESSIVE;
				GCC_WARN_UNUSED_FUNCTION = YES;
				GCC_WARN_UNUSED_VARIABLE = YES;
				IPHONEOS_DEPLOYMENT_TARGET = 8.2;
				MTL_ENABLE_DEBUG_INFO = YES;
				ONLY_ACTIVE_ARCH = YES;
				SDKROOT = iphoneos;
			};
			name = Debug;
		};
		C55810D41AB9035A0074836F /* Release */ = {
			isa = XCBuildConfiguration;
			buildSettings = {
				ALWAYS_SEARCH_USER_PATHS = NO;
				CLANG_CXX_LANGUAGE_STANDARD = "gnu++0x";
				CLANG_CXX_LIBRARY = "libc++";
				CLANG_ENABLE_MODULES = YES;
				CLANG_ENABLE_OBJC_ARC = YES;
				CLANG_WARN_BOOL_CONVERSION = YES;
				CLANG_WARN_CONSTANT_CONVERSION = YES;
				CLANG_WARN_DIRECT_OBJC_ISA_USAGE = YES_ERROR;
				CLANG_WARN_EMPTY_BODY = YES;
				CLANG_WARN_ENUM_CONVERSION = YES;
				CLANG_WARN_INT_CONVERSION = YES;
				CLANG_WARN_OBJC_ROOT_CLASS = YES_ERROR;
				CLANG_WARN_UNREACHABLE_CODE = YES;
				CLANG_WARN__DUPLICATE_METHOD_MATCH = YES;
				"CODE_SIGN_IDENTITY[sdk=iphoneos*]" = "iPhone Developer";
				COPY_PHASE_STRIP = NO;
				ENABLE_NS_ASSERTIONS = NO;
				ENABLE_STRICT_OBJC_MSGSEND = YES;
				GCC_C_LANGUAGE_STANDARD = gnu99;
				GCC_WARN_64_TO_32_BIT_CONVERSION = YES;
				GCC_WARN_ABOUT_RETURN_TYPE = YES_ERROR;
				GCC_WARN_UNDECLARED_SELECTOR = YES;
				GCC_WARN_UNINITIALIZED_AUTOS = YES_AGGRESSIVE;
				GCC_WARN_UNUSED_FUNCTION = YES;
				GCC_WARN_UNUSED_VARIABLE = YES;
				IPHONEOS_DEPLOYMENT_TARGET = 8.2;
				MTL_ENABLE_DEBUG_INFO = NO;
				SDKROOT = iphoneos;
				VALIDATE_PRODUCT = YES;
			};
			name = Release;
		};
		C55810D61AB9035A0074836F /* Debug */ = {
			isa = XCBuildConfiguration;
			buildSettings = {
				ASSETCATALOG_COMPILER_APPICON_NAME = AppIcon;
				ASSETCATALOG_COMPILER_LAUNCHIMAGE_NAME = LaunchImage;
				CODE_SIGN_IDENTITY = "iPhone Developer";
				"CODE_SIGN_IDENTITY[sdk=iphoneos*]" = "iPhone Developer";
				INFOPLIST_FILE = StreetMusicMap/Info.plist;
				IPHONEOS_DEPLOYMENT_TARGET = 7.0;
				LD_RUNPATH_SEARCH_PATHS = "$(inherited) @executable_path/Frameworks";
				PRODUCT_NAME = "$(TARGET_NAME)";
				PROVISIONING_PROFILE = "";
				TARGETED_DEVICE_FAMILY = 1;
			};
			name = Debug;
		};
		C55810D71AB9035A0074836F /* Release */ = {
			isa = XCBuildConfiguration;
			buildSettings = {
				ASSETCATALOG_COMPILER_APPICON_NAME = AppIcon;
				ASSETCATALOG_COMPILER_LAUNCHIMAGE_NAME = LaunchImage;
				CODE_SIGN_IDENTITY = "iPhone Developer";
				"CODE_SIGN_IDENTITY[sdk=iphoneos*]" = "iPhone Developer";
				INFOPLIST_FILE = StreetMusicMap/Info.plist;
				IPHONEOS_DEPLOYMENT_TARGET = 7.0;
				LD_RUNPATH_SEARCH_PATHS = "$(inherited) @executable_path/Frameworks";
				PRODUCT_NAME = "$(TARGET_NAME)";
				PROVISIONING_PROFILE = "";
				TARGETED_DEVICE_FAMILY = 1;
			};
			name = Release;
		};
		C55810D91AB9035A0074836F /* Debug */ = {
			isa = XCBuildConfiguration;
			buildSettings = {
				BUNDLE_LOADER = "$(TEST_HOST)";
				FRAMEWORK_SEARCH_PATHS = (
					"$(SDKROOT)/Developer/Library/Frameworks",
					"$(inherited)",
				);
				GCC_PREPROCESSOR_DEFINITIONS = (
					"DEBUG=1",
					"$(inherited)",
				);
				INFOPLIST_FILE = StreetMusicMapTests/Info.plist;
				LD_RUNPATH_SEARCH_PATHS = "$(inherited) @executable_path/Frameworks @loader_path/Frameworks";
				PRODUCT_NAME = "$(TARGET_NAME)";
				TEST_HOST = "$(BUILT_PRODUCTS_DIR)/StreetMusicMap.app/StreetMusicMap";
			};
			name = Debug;
		};
		C55810DA1AB9035A0074836F /* Release */ = {
			isa = XCBuildConfiguration;
			buildSettings = {
				BUNDLE_LOADER = "$(TEST_HOST)";
				FRAMEWORK_SEARCH_PATHS = (
					"$(SDKROOT)/Developer/Library/Frameworks",
					"$(inherited)",
				);
				INFOPLIST_FILE = StreetMusicMapTests/Info.plist;
				LD_RUNPATH_SEARCH_PATHS = "$(inherited) @executable_path/Frameworks @loader_path/Frameworks";
				PRODUCT_NAME = "$(TARGET_NAME)";
				TEST_HOST = "$(BUILT_PRODUCTS_DIR)/StreetMusicMap.app/StreetMusicMap";
			};
			name = Release;
		};
/* End XCBuildConfiguration section */

/* Begin XCConfigurationList section */
		C55810AA1AB9035A0074836F /* Build configuration list for PBXProject "StreetMusicMap" */ = {
			isa = XCConfigurationList;
			buildConfigurations = (
				C55810D31AB9035A0074836F /* Debug */,
				C55810D41AB9035A0074836F /* Release */,
			);
			defaultConfigurationIsVisible = 0;
			defaultConfigurationName = Release;
		};
		C55810D51AB9035A0074836F /* Build configuration list for PBXNativeTarget "StreetMusicMap" */ = {
			isa = XCConfigurationList;
			buildConfigurations = (
				C55810D61AB9035A0074836F /* Debug */,
				C55810D71AB9035A0074836F /* Release */,
			);
			defaultConfigurationIsVisible = 0;
			defaultConfigurationName = Release;
		};
		C55810D81AB9035A0074836F /* Build configuration list for PBXNativeTarget "StreetMusicMapTests" */ = {
			isa = XCConfigurationList;
			buildConfigurations = (
				C55810D91AB9035A0074836F /* Debug */,
				C55810DA1AB9035A0074836F /* Release */,
			);
			defaultConfigurationIsVisible = 0;
			defaultConfigurationName = Release;
		};
/* End XCConfigurationList section */
	};
	rootObject = C55810A71AB9035A0074836F /* Project object */;
}
